PODS:
  - Flutter (1.0.0)
  - izooto_plugin (0.0.1):
    - Flutter
    - iZootoiOSSDK (= 1.0.10)
  - iZootoiOSSDK (1.0.10)

DEPENDENCIES:
  - Flutter (from `Flutter`)
  - izooto_plugin (from `.symlinks/plugins/izooto_plugin/ios`)
  - iZootoiOSSDK

SPEC REPOS:
  trunk:
    - iZootoiOSSDK

EXTERNAL SOURCES:
  Flutter:
    :path: Flutter
  izooto_plugin:
    :path: ".symlinks/plugins/izooto_plugin/ios"

SPEC CHECKSUMS:
  Flutter: 0e3d915762c693b495b44d77113d4970485de6ec
  izooto_plugin: b6e6319fce31863b7a9ad92baa534c8b4b48583c
  iZootoiOSSDK: 89507b8b0e3cb3a0f7c0293421f2fe3a788a23d0

PODFILE CHECKSUM: 8976da00e77cc3cb6219e498012461c0fcf1cca0

COCOAPODS: 1.10.1
