PODS:
  - Flutter (1.0.0)
  - izooto_plugin (0.0.1):
    - Flutter
    - iZootoiOSSDK
  - iZootoiOSSDK (1.1.5)

DEPENDENCIES:
  - Flutter (from `Flutter`)
  - izooto_plugin (from `.symlinks/plugins/izooto_plugin/ios`)
  - iZootoiOSSDK

SPEC REPOS:
  trunk:
    - iZootoiOSSDK

EXTERNAL SOURCES:
  Flutter:
    :path: Flutter
  izooto_plugin:
    :path: ".symlinks/plugins/izooto_plugin/ios"

SPEC CHECKSUMS:
  Flutter: 434fef37c0980e73bb6479ef766c45957d4b510c
  izooto_plugin: eb889f6367e11eacd19c2db5ea748c4fc68823d3
  iZootoiOSSDK: c185391276899b16c40003d5f3315ed38b27e3ee

PODFILE CHECKSUM: 1d032b630b2fa722f7a288822d556163dc331fd1

COCOAPODS: 1.10.1
