PODS:
  - Flutter (1.0.0)
  - izooto_plugin (0.0.1):
    - Flutter
    - iZootoiOSSDK (= 1.1.8)
  - iZootoiOSSDK (1.1.8)

DEPENDENCIES:
  - Flutter (from `Flutter`)
  - izooto_plugin (from `.symlinks/plugins/izooto_plugin/ios`)
  - iZootoiOSSDK (= 1.1.8)

SPEC REPOS:
  trunk:
    - iZootoiOSSDK

EXTERNAL SOURCES:
  Flutter:
    :path: Flutter
  izooto_plugin:
    :path: ".symlinks/plugins/izooto_plugin/ios"

SPEC CHECKSUMS:
  Flutter: 434fef37c0980e73bb6479ef766c45957d4b510c
  izooto_plugin: be6630cec6ca346927a408f3cf6314e0488c8019
  iZootoiOSSDK: 4353b2277459950deb3dfec3480651e1a9b9d72b

PODFILE CHECKSUM: fc7904f5d408e12f66386ed12230e2ece5362830

COCOAPODS: 1.10.2
